// !$*UTF8*$!
{
	archiveVersion = 1;
	classes = {
	};
	objectVersion = 55;
	objects = {

/* Begin PBXBuildFile section */
		6B1E57C2286AEFEC00FF82C5 /* AppDelegate.swift in Sources */ = {isa = PBXBuildFile; fileRef = 6B1E57C1286AEFEC00FF82C5 /* AppDelegate.swift */; };
		6B1E57C4286AEFEC00FF82C5 /* SceneDelegate.swift in Sources */ = {isa = PBXBuildFile; fileRef = 6B1E57C3286AEFEC00FF82C5 /* SceneDelegate.swift */; };
		6B1E57CB286AEFEE00FF82C5 /* Assets.xcassets in Resources */ = {isa = PBXBuildFile; fileRef = 6B1E57CA286AEFEE00FF82C5 /* Assets.xcassets */; };
		6B1E57CE286AEFEE00FF82C5 /* LaunchScreen.storyboard in Resources */ = {isa = PBXBuildFile; fileRef = 6B1E57CC286AEFEE00FF82C5 /* LaunchScreen.storyboard */; };
		6B5A1083286B23A100EBE921 /* InfoCell.xib in Resources */ = {isa = PBXBuildFile; fileRef = 6BC293C9286B22C9007B54E2 /* InfoCell.xib */; };
		6B5A1084286B23A500EBE921 /* TicketInfoCell.xib in Resources */ = {isa = PBXBuildFile; fileRef = 6BC293CA286B22C9007B54E2 /* TicketInfoCell.xib */; };
		6BC29397286AF120007B54E2 /* MovieInfo.swift in Sources */ = {isa = PBXBuildFile; fileRef = 6BC29389286AF11F007B54E2 /* MovieInfo.swift */; };
		6BC29398286AF120007B54E2 /* PaymentViewController.swift in Sources */ = {isa = PBXBuildFile; fileRef = 6BC2938A286AF11F007B54E2 /* PaymentViewController.swift */; };
		6BC29399286AF120007B54E2 /* CinemaSheduleCell.swift in Sources */ = {isa = PBXBuildFile; fileRef = 6BC2938B286AF11F007B54E2 /* CinemaSheduleCell.swift */; };
		6BC2939A286AF120007B54E2 /* CinemaSeatsViewController.swift in Sources */ = {isa = PBXBuildFile; fileRef = 6BC2938C286AF11F007B54E2 /* CinemaSeatsViewController.swift */; };
		6BC2939B286AF120007B54E2 /* HitTestButton.swift in Sources */ = {isa = PBXBuildFile; fileRef = 6BC2938D286AF11F007B54E2 /* HitTestButton.swift */; };
		6BC2939C286AF120007B54E2 /* String+Index.swift in Sources */ = {isa = PBXBuildFile; fileRef = 6BC2938E286AF11F007B54E2 /* String+Index.swift */; };
		6BC2939D286AF120007B54E2 /* SeatsSelector.swift in Sources */ = {isa = PBXBuildFile; fileRef = 6BC2938F286AF11F007B54E2 /* SeatsSelector.swift */; };
		6BC2939E286AF120007B54E2 /* CinemaSeatsAssets.xcassets in Resources */ = {isa = PBXBuildFile; fileRef = 6BC29390286AF120007B54E2 /* CinemaSeatsAssets.xcassets */; };
		6BC2939F286AF120007B54E2 /* SeatModel.swift in Sources */ = {isa = PBXBuildFile; fileRef = 6BC29391286AF120007B54E2 /* SeatModel.swift */; };
		6BC293A0286AF120007B54E2 /* TicketInfoCell.swift in Sources */ = {isa = PBXBuildFile; fileRef = 6BC29392286AF120007B54E2 /* TicketInfoCell.swift */; };
		6BC293A1286AF120007B54E2 /* UIViewController+DissmissKeyboardOnTap.swift in Sources */ = {isa = PBXBuildFile; fileRef = 6BC29393286AF120007B54E2 /* UIViewController+DissmissKeyboardOnTap.swift */; };
		6BC293A3286AF120007B54E2 /* CinemaSheduleCell.xib in Resources */ = {isa = PBXBuildFile; fileRef = 6BC29395286AF120007B54E2 /* CinemaSheduleCell.xib */; };
		6BC293A4286AF120007B54E2 /* CinemaStyleSheet.swift in Sources */ = {isa = PBXBuildFile; fileRef = 6BC29396286AF120007B54E2 /* CinemaStyleSheet.swift */; };
		6BC293AA286AF792007B54E2 /* UIImage+Bundle.swift in Sources */ = {isa = PBXBuildFile; fileRef = 6BC293A8286AF792007B54E2 /* UIImage+Bundle.swift */; };
		6BC293AB286AF792007B54E2 /* UIColor+Bundle.swift in Sources */ = {isa = PBXBuildFile; fileRef = 6BC293A9286AF792007B54E2 /* UIColor+Bundle.swift */; };
		6BC293B2286AFB22007B54E2 /* Poppins-Bold.ttf in Resources */ = {isa = PBXBuildFile; fileRef = 6BC293B0286AF98B007B54E2 /* Poppins-Bold.ttf */; };
		6BC293B3286AFB24007B54E2 /* Poppins-Light.ttf in Resources */ = {isa = PBXBuildFile; fileRef = 6BC293AD286AF98B007B54E2 /* Poppins-Light.ttf */; };
		6BC293B4286AFB26007B54E2 /* Poppins-Medium.ttf in Resources */ = {isa = PBXBuildFile; fileRef = 6BC293AE286AF98B007B54E2 /* Poppins-Medium.ttf */; };
		6BC293B5286AFB28007B54E2 /* Poppins-SemiBold.ttf in Resources */ = {isa = PBXBuildFile; fileRef = 6BC293AF286AF98B007B54E2 /* Poppins-SemiBold.ttf */; };
		6BC293B6286AFB2A007B54E2 /* Poppins-Regular.ttf in Resources */ = {isa = PBXBuildFile; fileRef = 6BC293AC286AF972007B54E2 /* Poppins-Regular.ttf */; };
		6BC293B8286AFB3B007B54E2 /* FontsLoader.swift in Sources */ = {isa = PBXBuildFile; fileRef = 6BC293B7286AFB3B007B54E2 /* FontsLoader.swift */; };
		6BC293BA286B04ED007B54E2 /* ContentModeSelectButton.swift in Sources */ = {isa = PBXBuildFile; fileRef = 6BC293B9286B04ED007B54E2 /* ContentModeSelectButton.swift */; };
		6BC293BC286B0537007B54E2 /* StateAlphaButton.swift in Sources */ = {isa = PBXBuildFile; fileRef = 6BC293BB286B0537007B54E2 /* StateAlphaButton.swift */; };
		6BC293BF286B05FC007B54E2 /* InfoCell.swift in Sources */ = {isa = PBXBuildFile; fileRef = 6BC293BE286B05FC007B54E2 /* InfoCell.swift */; };
		6BC293C1286B0F70007B54E2 /* PaymentViewController.xib in Resources */ = {isa = PBXBuildFile; fileRef = 6BC293C0286B0F70007B54E2 /* PaymentViewController.xib */; };
		6BC293C3286B1488007B54E2 /* CinemaSeatsViewController.xib in Resources */ = {isa = PBXBuildFile; fileRef = 6BC293C2286B1488007B54E2 /* CinemaSeatsViewController.xib */; };
		BF007AB8A0310DD5D40CFB07 /* Pods_CinemaSeats.framework in Frameworks */ = {isa = PBXBuildFile; fileRef = CD96260B5D6149501E066E0F /* Pods_CinemaSeats.framework */; };
/* End PBXBuildFile section */

/* Begin PBXFileReference section */
		4A97CC907BC071BF53FE91E3 /* Pods-CinemaSeats.debug.xcconfig */ = {isa = PBXFileReference; includeInIndex = 1; lastKnownFileType = text.xcconfig; name = "Pods-CinemaSeats.debug.xcconfig"; path = "Target Support Files/Pods-CinemaSeats/Pods-CinemaSeats.debug.xcconfig"; sourceTree = "<group>"; };
		6B1E57BE286AEFEC00FF82C5 /* CinemaSeats.app */ = {isa = PBXFileReference; explicitFileType = wrapper.application; includeInIndex = 0; path = CinemaSeats.app; sourceTree = BUILT_PRODUCTS_DIR; };
		6B1E57C1286AEFEC00FF82C5 /* AppDelegate.swift */ = {isa = PBXFileReference; lastKnownFileType = sourcecode.swift; path = AppDelegate.swift; sourceTree = "<group>"; };
		6B1E57C3286AEFEC00FF82C5 /* SceneDelegate.swift */ = {isa = PBXFileReference; lastKnownFileType = sourcecode.swift; path = SceneDelegate.swift; sourceTree = "<group>"; };
		6B1E57CA286AEFEE00FF82C5 /* Assets.xcassets */ = {isa = PBXFileReference; lastKnownFileType = folder.assetcatalog; path = Assets.xcassets; sourceTree = "<group>"; };
		6B1E57CD286AEFEE00FF82C5 /* Base */ = {isa = PBXFileReference; lastKnownFileType = file.storyboard; name = Base; path = Base.lproj/LaunchScreen.storyboard; sourceTree = "<group>"; };
		6B1E57CF286AEFEE00FF82C5 /* Info.plist */ = {isa = PBXFileReference; lastKnownFileType = text.plist.xml; path = Info.plist; sourceTree = "<group>"; };
		6BC29389286AF11F007B54E2 /* MovieInfo.swift */ = {isa = PBXFileReference; fileEncoding = 4; lastKnownFileType = sourcecode.swift; path = MovieInfo.swift; sourceTree = "<group>"; };
		6BC2938A286AF11F007B54E2 /* PaymentViewController.swift */ = {isa = PBXFileReference; fileEncoding = 4; lastKnownFileType = sourcecode.swift; path = PaymentViewController.swift; sourceTree = "<group>"; };
		6BC2938B286AF11F007B54E2 /* CinemaSheduleCell.swift */ = {isa = PBXFileReference; fileEncoding = 4; lastKnownFileType = sourcecode.swift; path = CinemaSheduleCell.swift; sourceTree = "<group>"; };
		6BC2938C286AF11F007B54E2 /* CinemaSeatsViewController.swift */ = {isa = PBXFileReference; fileEncoding = 4; lastKnownFileType = sourcecode.swift; path = CinemaSeatsViewController.swift; sourceTree = "<group>"; };
		6BC2938D286AF11F007B54E2 /* HitTestButton.swift */ = {isa = PBXFileReference; fileEncoding = 4; lastKnownFileType = sourcecode.swift; path = HitTestButton.swift; sourceTree = "<group>"; };
		6BC2938E286AF11F007B54E2 /* String+Index.swift */ = {isa = PBXFileReference; fileEncoding = 4; lastKnownFileType = sourcecode.swift; path = "String+Index.swift"; sourceTree = "<group>"; };
		6BC2938F286AF11F007B54E2 /* SeatsSelector.swift */ = {isa = PBXFileReference; fileEncoding = 4; lastKnownFileType = sourcecode.swift; path = SeatsSelector.swift; sourceTree = "<group>"; };
		6BC29390286AF120007B54E2 /* CinemaSeatsAssets.xcassets */ = {isa = PBXFileReference; lastKnownFileType = folder.assetcatalog; path = CinemaSeatsAssets.xcassets; sourceTree = "<group>"; };
		6BC29391286AF120007B54E2 /* SeatModel.swift */ = {isa = PBXFileReference; fileEncoding = 4; lastKnownFileType = sourcecode.swift; path = SeatModel.swift; sourceTree = "<group>"; };
		6BC29392286AF120007B54E2 /* TicketInfoCell.swift */ = {isa = PBXFileReference; fileEncoding = 4; lastKnownFileType = sourcecode.swift; path = TicketInfoCell.swift; sourceTree = "<group>"; };
		6BC29393286AF120007B54E2 /* UIViewController+DissmissKeyboardOnTap.swift */ = {isa = PBXFileReference; fileEncoding = 4; lastKnownFileType = sourcecode.swift; path = "UIViewController+DissmissKeyboardOnTap.swift"; sourceTree = "<group>"; };
		6BC29395286AF120007B54E2 /* CinemaSheduleCell.xib */ = {isa = PBXFileReference; fileEncoding = 4; lastKnownFileType = file.xib; path = CinemaSheduleCell.xib; sourceTree = "<group>"; };
		6BC29396286AF120007B54E2 /* CinemaStyleSheet.swift */ = {isa = PBXFileReference; fileEncoding = 4; lastKnownFileType = sourcecode.swift; path = CinemaStyleSheet.swift; sourceTree = "<group>"; };
		6BC293A8286AF792007B54E2 /* UIImage+Bundle.swift */ = {isa = PBXFileReference; fileEncoding = 4; lastKnownFileType = sourcecode.swift; path = "UIImage+Bundle.swift"; sourceTree = "<group>"; };
		6BC293A9286AF792007B54E2 /* UIColor+Bundle.swift */ = {isa = PBXFileReference; fileEncoding = 4; lastKnownFileType = sourcecode.swift; path = "UIColor+Bundle.swift"; sourceTree = "<group>"; };
		6BC293AC286AF972007B54E2 /* Poppins-Regular.ttf */ = {isa = PBXFileReference; lastKnownFileType = file; path = "Poppins-Regular.ttf"; sourceTree = "<group>"; };
		6BC293AD286AF98B007B54E2 /* Poppins-Light.ttf */ = {isa = PBXFileReference; lastKnownFileType = file; path = "Poppins-Light.ttf"; sourceTree = "<group>"; };
		6BC293AE286AF98B007B54E2 /* Poppins-Medium.ttf */ = {isa = PBXFileReference; lastKnownFileType = file; path = "Poppins-Medium.ttf"; sourceTree = "<group>"; };
		6BC293AF286AF98B007B54E2 /* Poppins-SemiBold.ttf */ = {isa = PBXFileReference; lastKnownFileType = file; path = "Poppins-SemiBold.ttf"; sourceTree = "<group>"; };
		6BC293B0286AF98B007B54E2 /* Poppins-Bold.ttf */ = {isa = PBXFileReference; lastKnownFileType = file; path = "Poppins-Bold.ttf"; sourceTree = "<group>"; };
		6BC293B7286AFB3B007B54E2 /* FontsLoader.swift */ = {isa = PBXFileReference; fileEncoding = 4; lastKnownFileType = sourcecode.swift; path = FontsLoader.swift; sourceTree = "<group>"; };
		6BC293B9286B04ED007B54E2 /* ContentModeSelectButton.swift */ = {isa = PBXFileReference; fileEncoding = 4; lastKnownFileType = sourcecode.swift; path = ContentModeSelectButton.swift; sourceTree = "<group>"; };
		6BC293BB286B0537007B54E2 /* StateAlphaButton.swift */ = {isa = PBXFileReference; fileEncoding = 4; lastKnownFileType = sourcecode.swift; path = StateAlphaButton.swift; sourceTree = "<group>"; };
		6BC293BE286B05FC007B54E2 /* InfoCell.swift */ = {isa = PBXFileReference; lastKnownFileType = sourcecode.swift; path = InfoCell.swift; sourceTree = "<group>"; };
		6BC293C0286B0F70007B54E2 /* PaymentViewController.xib */ = {isa = PBXFileReference; lastKnownFileType = file.xib; path = PaymentViewController.xib; sourceTree = "<group>"; };
		6BC293C2286B1488007B54E2 /* CinemaSeatsViewController.xib */ = {isa = PBXFileReference; lastKnownFileType = file.xib; path = CinemaSeatsViewController.xib; sourceTree = "<group>"; };
		6BC293C9286B22C9007B54E2 /* InfoCell.xib */ = {isa = PBXFileReference; fileEncoding = 4; lastKnownFileType = file.xib; path = InfoCell.xib; sourceTree = "<group>"; };
		6BC293CA286B22C9007B54E2 /* TicketInfoCell.xib */ = {isa = PBXFileReference; fileEncoding = 4; lastKnownFileType = file.xib; path = TicketInfoCell.xib; sourceTree = "<group>"; };
		B2BBE0908C20357B8A11CF7B /* Pods-CinemaSeats.release.xcconfig */ = {isa = PBXFileReference; includeInIndex = 1; lastKnownFileType = text.xcconfig; name = "Pods-CinemaSeats.release.xcconfig"; path = "Target Support Files/Pods-CinemaSeats/Pods-CinemaSeats.release.xcconfig"; sourceTree = "<group>"; };
		CD96260B5D6149501E066E0F /* Pods_CinemaSeats.framework */ = {isa = PBXFileReference; explicitFileType = wrapper.framework; includeInIndex = 0; path = Pods_CinemaSeats.framework; sourceTree = BUILT_PRODUCTS_DIR; };
/* End PBXFileReference section */

/* Begin PBXFrameworksBuildPhase section */
		6B1E57BB286AEFEC00FF82C5 /* Frameworks */ = {
			isa = PBXFrameworksBuildPhase;
			buildActionMask = 2147483647;
			files = (
				BF007AB8A0310DD5D40CFB07 /* Pods_CinemaSeats.framework in Frameworks */,
			);
			runOnlyForDeploymentPostprocessing = 0;
		};
/* End PBXFrameworksBuildPhase section */

/* Begin PBXGroup section */
		1D7D345389DA2AC3B3D1B025 /* Frameworks */ = {
			isa = PBXGroup;
			children = (
				CD96260B5D6149501E066E0F /* Pods_CinemaSeats.framework */,
			);
			name = Frameworks;
			sourceTree = "<group>";
		};
		2E1609374F7B311D0FB286C9 /* Pods */ = {
			isa = PBXGroup;
			children = (
				4A97CC907BC071BF53FE91E3 /* Pods-CinemaSeats.debug.xcconfig */,
				B2BBE0908C20357B8A11CF7B /* Pods-CinemaSeats.release.xcconfig */,
			);
			path = Pods;
			sourceTree = "<group>";
		};
		6B1E57B5286AEFEC00FF82C5 = {
			isa = PBXGroup;
			children = (
				6B1E57D5286AEFFC00FF82C5 /* CinemaSeatsControl */,
				6B1E57C0286AEFEC00FF82C5 /* CinemaSeatsDemo */,
				6B1E57BF286AEFEC00FF82C5 /* Products */,
				2E1609374F7B311D0FB286C9 /* Pods */,
				1D7D345389DA2AC3B3D1B025 /* Frameworks */,
			);
			sourceTree = "<group>";
		};
		6B1E57BF286AEFEC00FF82C5 /* Products */ = {
			isa = PBXGroup;
			children = (
				6B1E57BE286AEFEC00FF82C5 /* CinemaSeats.app */,
			);
			name = Products;
			sourceTree = "<group>";
		};
		6B1E57C0286AEFEC00FF82C5 /* CinemaSeatsDemo */ = {
			isa = PBXGroup;
			children = (
				6B1E57C1286AEFEC00FF82C5 /* AppDelegate.swift */,
				6B1E57C3286AEFEC00FF82C5 /* SceneDelegate.swift */,
				6B1E57D6286AF01100FF82C5 /* Resources */,
			);
			path = CinemaSeatsDemo;
			sourceTree = "<group>";
		};
		6B1E57D5286AEFFC00FF82C5 /* CinemaSeatsControl */ = {
			isa = PBXGroup;
			children = (
				6B1E57D7286AF04B00FF82C5 /* Source */,
				6B1E57D8286AF05000FF82C5 /* Resources */,
			);
			path = CinemaSeatsControl;
			sourceTree = "<group>";
		};
		6B1E57D6286AF01100FF82C5 /* Resources */ = {
			isa = PBXGroup;
			children = (
				6B1E57CF286AEFEE00FF82C5 /* Info.plist */,
				6B1E57CA286AEFEE00FF82C5 /* Assets.xcassets */,
				6B5A1085286B3B4100EBE921 /* UI */,
			);
			path = Resources;
			sourceTree = "<group>";
		};
		6B1E57D7286AF04B00FF82C5 /* Source */ = {
			isa = PBXGroup;
			children = (
				6BC29396286AF120007B54E2 /* CinemaStyleSheet.swift */,
				6BC293B7286AFB3B007B54E2 /* FontsLoader.swift */,
				6BC29389286AF11F007B54E2 /* MovieInfo.swift */,
				6BC29391286AF120007B54E2 /* SeatModel.swift */,
				6BC293A7286AF698007B54E2 /* Cells */,
				6BC293A6286AF67E007B54E2 /* Controllers */,
				6BC293BD286B0545007B54E2 /* Controls */,
				6BC293A5286AF149007B54E2 /* Extensions */,
			);
			path = Source;
			sourceTree = "<group>";
		};
		6B1E57D8286AF05000FF82C5 /* Resources */ = {
			isa = PBXGroup;
			children = (
				6BC29390286AF120007B54E2 /* CinemaSeatsAssets.xcassets */,
				6B5A1087286B3B6300EBE921 /* Cells */,
				6B5A1086286B3B5A00EBE921 /* Controllers */,
				6BC293B1286AF990007B54E2 /* Fonts */,
			);
			path = Resources;
			sourceTree = "<group>";
		};
		6B5A1085286B3B4100EBE921 /* UI */ = {
			isa = PBXGroup;
			children = (
				6B1E57CC286AEFEE00FF82C5 /* LaunchScreen.storyboard */,
			);
			path = UI;
			sourceTree = "<group>";
		};
		6B5A1086286B3B5A00EBE921 /* Controllers */ = {
			isa = PBXGroup;
			children = (
				6BC293C2286B1488007B54E2 /* CinemaSeatsViewController.xib */,
				6BC293C0286B0F70007B54E2 /* PaymentViewController.xib */,
			);
			path = Controllers;
			sourceTree = "<group>";
		};
		6B5A1087286B3B6300EBE921 /* Cells */ = {
			isa = PBXGroup;
			children = (
				6BC29395286AF120007B54E2 /* CinemaSheduleCell.xib */,
				6BC293C9286B22C9007B54E2 /* InfoCell.xib */,
				6BC293CA286B22C9007B54E2 /* TicketInfoCell.xib */,
			);
			path = Cells;
			sourceTree = "<group>";
		};
		6BC293A5286AF149007B54E2 /* Extensions */ = {
			isa = PBXGroup;
			children = (
				6BC2938E286AF11F007B54E2 /* String+Index.swift */,
				6BC293A9286AF792007B54E2 /* UIColor+Bundle.swift */,
				6BC293A8286AF792007B54E2 /* UIImage+Bundle.swift */,
				6BC29393286AF120007B54E2 /* UIViewController+DissmissKeyboardOnTap.swift */,
			);
			path = Extensions;
			sourceTree = "<group>";
		};
		6BC293A6286AF67E007B54E2 /* Controllers */ = {
			isa = PBXGroup;
			children = (
				6BC2938C286AF11F007B54E2 /* CinemaSeatsViewController.swift */,
				6BC2938A286AF11F007B54E2 /* PaymentViewController.swift */,
			);
			path = Controllers;
			sourceTree = "<group>";
		};
		6BC293A7286AF698007B54E2 /* Cells */ = {
			isa = PBXGroup;
			children = (
				6BC2938B286AF11F007B54E2 /* CinemaSheduleCell.swift */,
				6BC29392286AF120007B54E2 /* TicketInfoCell.swift */,
				6BC293BE286B05FC007B54E2 /* InfoCell.swift */,
			);
			path = Cells;
			sourceTree = "<group>";
		};
		6BC293B1286AF990007B54E2 /* Fonts */ = {
			isa = PBXGroup;
			children = (
				6BC293B0286AF98B007B54E2 /* Poppins-Bold.ttf */,
				6BC293AD286AF98B007B54E2 /* Poppins-Light.ttf */,
				6BC293AE286AF98B007B54E2 /* Poppins-Medium.ttf */,
				6BC293AF286AF98B007B54E2 /* Poppins-SemiBold.ttf */,
				6BC293AC286AF972007B54E2 /* Poppins-Regular.ttf */,
			);
			path = Fonts;
			sourceTree = "<group>";
		};
		6BC293BD286B0545007B54E2 /* Controls */ = {
			isa = PBXGroup;
			children = (
				6BC293B9286B04ED007B54E2 /* ContentModeSelectButton.swift */,
				6BC2938D286AF11F007B54E2 /* HitTestButton.swift */,
				6BC2938F286AF11F007B54E2 /* SeatsSelector.swift */,
				6BC293BB286B0537007B54E2 /* StateAlphaButton.swift */,
			);
			path = Controls;
			sourceTree = "<group>";
		};
/* End PBXGroup section */

/* Begin PBXNativeTarget section */
		6B1E57BD286AEFEC00FF82C5 /* CinemaSeats */ = {
			isa = PBXNativeTarget;
			buildConfigurationList = 6B1E57D2286AEFEE00FF82C5 /* Build configuration list for PBXNativeTarget "CinemaSeats" */;
			buildPhases = (
				9F4D56E4BAFC9B6D80336706 /* [CP] Check Pods Manifest.lock */,
				6B1E57BA286AEFEC00FF82C5 /* Sources */,
				6B1E57BB286AEFEC00FF82C5 /* Frameworks */,
				6B1E57BC286AEFEC00FF82C5 /* Resources */,
				D5C3EFA3445DC08ACABE4236 /* [CP] Embed Pods Frameworks */,
			);
			buildRules = (
			);
			dependencies = (
			);
			name = CinemaSeats;
			productName = CinemaSeats;
			productReference = 6B1E57BE286AEFEC00FF82C5 /* CinemaSeats.app */;
			productType = "com.apple.product-type.application";
		};
/* End PBXNativeTarget section */

/* Begin PBXProject section */
		6B1E57B6286AEFEC00FF82C5 /* Project object */ = {
			isa = PBXProject;
			attributes = {
				BuildIndependentTargetsInParallel = 1;
				LastSwiftUpdateCheck = 1340;
				LastUpgradeCheck = 1340;
				TargetAttributes = {
					6B1E57BD286AEFEC00FF82C5 = {
						CreatedOnToolsVersion = 13.4;
					};
				};
			};
			buildConfigurationList = 6B1E57B9286AEFEC00FF82C5 /* Build configuration list for PBXProject "CinemaSeats" */;
			compatibilityVersion = "Xcode 13.0";
			developmentRegion = en;
			hasScannedForEncodings = 0;
			knownRegions = (
				en,
				Base,
			);
			mainGroup = 6B1E57B5286AEFEC00FF82C5;
			productRefGroup = 6B1E57BF286AEFEC00FF82C5 /* Products */;
			projectDirPath = "";
			projectRoot = "";
			targets = (
				6B1E57BD286AEFEC00FF82C5 /* CinemaSeats */,
			);
		};
/* End PBXProject section */

/* Begin PBXResourcesBuildPhase section */
		6B1E57BC286AEFEC00FF82C5 /* Resources */ = {
			isa = PBXResourcesBuildPhase;
			buildActionMask = 2147483647;
			files = (
				6B5A1084286B23A500EBE921 /* TicketInfoCell.xib in Resources */,
				6B5A1083286B23A100EBE921 /* InfoCell.xib in Resources */,
				6B1E57CE286AEFEE00FF82C5 /* LaunchScreen.storyboard in Resources */,
				6BC293C3286B1488007B54E2 /* CinemaSeatsViewController.xib in Resources */,
				6BC293B2286AFB22007B54E2 /* Poppins-Bold.ttf in Resources */,
				6BC293B3286AFB24007B54E2 /* Poppins-Light.ttf in Resources */,
				6BC2939E286AF120007B54E2 /* CinemaSeatsAssets.xcassets in Resources */,
				6BC293B5286AFB28007B54E2 /* Poppins-SemiBold.ttf in Resources */,
				6B1E57CB286AEFEE00FF82C5 /* Assets.xcassets in Resources */,
				6BC293B4286AFB26007B54E2 /* Poppins-Medium.ttf in Resources */,
				6BC293B6286AFB2A007B54E2 /* Poppins-Regular.ttf in Resources */,
				6BC293C1286B0F70007B54E2 /* PaymentViewController.xib in Resources */,
				6BC293A3286AF120007B54E2 /* CinemaSheduleCell.xib in Resources */,
			);
			runOnlyForDeploymentPostprocessing = 0;
		};
/* End PBXResourcesBuildPhase section */

/* Begin PBXShellScriptBuildPhase section */
		9F4D56E4BAFC9B6D80336706 /* [CP] Check Pods Manifest.lock */ = {
			isa = PBXShellScriptBuildPhase;
			buildActionMask = 2147483647;
			files = (
			);
			inputFileListPaths = (
			);
			inputPaths = (
				"${PODS_PODFILE_DIR_PATH}/Podfile.lock",
				"${PODS_ROOT}/Manifest.lock",
			);
			name = "[CP] Check Pods Manifest.lock";
			outputFileListPaths = (
			);
			outputPaths = (
				"$(DERIVED_FILE_DIR)/Pods-CinemaSeats-checkManifestLockResult.txt",
			);
			runOnlyForDeploymentPostprocessing = 0;
			shellPath = /bin/sh;
			shellScript = "diff \"${PODS_PODFILE_DIR_PATH}/Podfile.lock\" \"${PODS_ROOT}/Manifest.lock\" > /dev/null\nif [ $? != 0 ] ; then\n    # print error to STDERR\n    echo \"error: The sandbox is not in sync with the Podfile.lock. Run 'pod install' or update your CocoaPods installation.\" >&2\n    exit 1\nfi\n# This output is used by Xcode 'outputs' to avoid re-running this script phase.\necho \"SUCCESS\" > \"${SCRIPT_OUTPUT_FILE_0}\"\n";
			showEnvVarsInLog = 0;
		};
		D5C3EFA3445DC08ACABE4236 /* [CP] Embed Pods Frameworks */ = {
			isa = PBXShellScriptBuildPhase;
			buildActionMask = 2147483647;
			files = (
			);
			inputFileListPaths = (
				"${PODS_ROOT}/Target Support Files/Pods-CinemaSeats/Pods-CinemaSeats-frameworks-${CONFIGURATION}-input-files.xcfilelist",
			);
			name = "[CP] Embed Pods Frameworks";
			outputFileListPaths = (
				"${PODS_ROOT}/Target Support Files/Pods-CinemaSeats/Pods-CinemaSeats-frameworks-${CONFIGURATION}-output-files.xcfilelist",
			);
			runOnlyForDeploymentPostprocessing = 0;
			shellPath = /bin/sh;
			shellScript = "\"${PODS_ROOT}/Target Support Files/Pods-CinemaSeats/Pods-CinemaSeats-frameworks.sh\"\n";
			showEnvVarsInLog = 0;
		};
/* End PBXShellScriptBuildPhase section */

/* Begin PBXSourcesBuildPhase section */
		6B1E57BA286AEFEC00FF82C5 /* Sources */ = {
			isa = PBXSourcesBuildPhase;
			buildActionMask = 2147483647;
			files = (
				6B1E57C2286AEFEC00FF82C5 /* AppDelegate.swift in Sources */,
				6BC2939C286AF120007B54E2 /* String+Index.swift in Sources */,
				6BC2939A286AF120007B54E2 /* CinemaSeatsViewController.swift in Sources */,
				6BC29398286AF120007B54E2 /* PaymentViewController.swift in Sources */,
				6BC29397286AF120007B54E2 /* MovieInfo.swift in Sources */,
				6BC293AB286AF792007B54E2 /* UIColor+Bundle.swift in Sources */,
				6B1E57C4286AEFEC00FF82C5 /* SceneDelegate.swift in Sources */,
				6BC293A1286AF120007B54E2 /* UIViewController+DissmissKeyboardOnTap.swift in Sources */,
				6BC293A0286AF120007B54E2 /* TicketInfoCell.swift in Sources */,
				6BC293BF286B05FC007B54E2 /* InfoCell.swift in Sources */,
				6BC2939F286AF120007B54E2 /* SeatModel.swift in Sources */,
				6BC293BC286B0537007B54E2 /* StateAlphaButton.swift in Sources */,
				6BC293A4286AF120007B54E2 /* CinemaStyleSheet.swift in Sources */,
				6BC29399286AF120007B54E2 /* CinemaSheduleCell.swift in Sources */,
				6BC2939B286AF120007B54E2 /* HitTestButton.swift in Sources */,
				6BC293B8286AFB3B007B54E2 /* FontsLoader.swift in Sources */,
				6BC2939D286AF120007B54E2 /* SeatsSelector.swift in Sources */,
				6BC293BA286B04ED007B54E2 /* ContentModeSelectButton.swift in Sources */,
				6BC293AA286AF792007B54E2 /* UIImage+Bundle.swift in Sources */,
			);
			runOnlyForDeploymentPostprocessing = 0;
		};
/* End PBXSourcesBuildPhase section */

/* Begin PBXVariantGroup section */
		6B1E57CC286AEFEE00FF82C5 /* LaunchScreen.storyboard */ = {
			isa = PBXVariantGroup;
			children = (
				6B1E57CD286AEFEE00FF82C5 /* Base */,
			);
			name = LaunchScreen.storyboard;
			sourceTree = "<group>";
		};
/* End PBXVariantGroup section */

/* Begin XCBuildConfiguration section */
		6B1E57D0286AEFEE00FF82C5 /* Debug */ = {
			isa = XCBuildConfiguration;
			buildSettings = {
				ALWAYS_SEARCH_USER_PATHS = NO;
				CLANG_ANALYZER_NONNULL = YES;
				CLANG_ANALYZER_NUMBER_OBJECT_CONVERSION = YES_AGGRESSIVE;
				CLANG_CXX_LANGUAGE_STANDARD = "gnu++17";
				CLANG_ENABLE_MODULES = YES;
				CLANG_ENABLE_OBJC_ARC = YES;
				CLANG_ENABLE_OBJC_WEAK = YES;
				CLANG_WARN_BLOCK_CAPTURE_AUTORELEASING = YES;
				CLANG_WARN_BOOL_CONVERSION = YES;
				CLANG_WARN_COMMA = YES;
				CLANG_WARN_CONSTANT_CONVERSION = YES;
				CLANG_WARN_DEPRECATED_OBJC_IMPLEMENTATIONS = YES;
				CLANG_WARN_DIRECT_OBJC_ISA_USAGE = YES_ERROR;
				CLANG_WARN_DOCUMENTATION_COMMENTS = YES;
				CLANG_WARN_EMPTY_BODY = YES;
				CLANG_WARN_ENUM_CONVERSION = YES;
				CLANG_WARN_INFINITE_RECURSION = YES;
				CLANG_WARN_INT_CONVERSION = YES;
				CLANG_WARN_NON_LITERAL_NULL_CONVERSION = YES;
				CLANG_WARN_OBJC_IMPLICIT_RETAIN_SELF = YES;
				CLANG_WARN_OBJC_LITERAL_CONVERSION = YES;
				CLANG_WARN_OBJC_ROOT_CLASS = YES_ERROR;
				CLANG_WARN_QUOTED_INCLUDE_IN_FRAMEWORK_HEADER = YES;
				CLANG_WARN_RANGE_LOOP_ANALYSIS = YES;
				CLANG_WARN_STRICT_PROTOTYPES = YES;
				CLANG_WARN_SUSPICIOUS_MOVE = YES;
				CLANG_WARN_UNGUARDED_AVAILABILITY = YES_AGGRESSIVE;
				CLANG_WARN_UNREACHABLE_CODE = YES;
				CLANG_WARN__DUPLICATE_METHOD_MATCH = YES;
				COPY_PHASE_STRIP = NO;
				DEBUG_INFORMATION_FORMAT = dwarf;
				ENABLE_STRICT_OBJC_MSGSEND = YES;
				ENABLE_TESTABILITY = YES;
				GCC_C_LANGUAGE_STANDARD = gnu11;
				GCC_DYNAMIC_NO_PIC = NO;
				GCC_NO_COMMON_BLOCKS = YES;
				GCC_OPTIMIZATION_LEVEL = 0;
				GCC_PREPROCESSOR_DEFINITIONS = (
					"DEBUG=1",
					"$(inherited)",
				);
				GCC_WARN_64_TO_32_BIT_CONVERSION = YES;
				GCC_WARN_ABOUT_RETURN_TYPE = YES_ERROR;
				GCC_WARN_UNDECLARED_SELECTOR = YES;
				GCC_WARN_UNINITIALIZED_AUTOS = YES_AGGRESSIVE;
				GCC_WARN_UNUSED_FUNCTION = YES;
				GCC_WARN_UNUSED_VARIABLE = YES;
				IPHONEOS_DEPLOYMENT_TARGET = 15.5;
				MTL_ENABLE_DEBUG_INFO = INCLUDE_SOURCE;
				MTL_FAST_MATH = YES;
				ONLY_ACTIVE_ARCH = YES;
				SDKROOT = iphoneos;
				SWIFT_ACTIVE_COMPILATION_CONDITIONS = DEBUG;
				SWIFT_OPTIMIZATION_LEVEL = "-Onone";
			};
			name = Debug;
		};
		6B1E57D1286AEFEE00FF82C5 /* Release */ = {
			isa = XCBuildConfiguration;
			buildSettings = {
				ALWAYS_SEARCH_USER_PATHS = NO;
				CLANG_ANALYZER_NONNULL = YES;
				CLANG_ANALYZER_NUMBER_OBJECT_CONVERSION = YES_AGGRESSIVE;
				CLANG_CXX_LANGUAGE_STANDARD = "gnu++17";
				CLANG_ENABLE_MODULES = YES;
				CLANG_ENABLE_OBJC_ARC = YES;
				CLANG_ENABLE_OBJC_WEAK = YES;
				CLANG_WARN_BLOCK_CAPTURE_AUTORELEASING = YES;
				CLANG_WARN_BOOL_CONVERSION = YES;
				CLANG_WARN_COMMA = YES;
				CLANG_WARN_CONSTANT_CONVERSION = YES;
				CLANG_WARN_DEPRECATED_OBJC_IMPLEMENTATIONS = YES;
				CLANG_WARN_DIRECT_OBJC_ISA_USAGE = YES_ERROR;
				CLANG_WARN_DOCUMENTATION_COMMENTS = YES;
				CLANG_WARN_EMPTY_BODY = YES;
				CLANG_WARN_ENUM_CONVERSION = YES;
				CLANG_WARN_INFINITE_RECURSION = YES;
				CLANG_WARN_INT_CONVERSION = YES;
				CLANG_WARN_NON_LITERAL_NULL_CONVERSION = YES;
				CLANG_WARN_OBJC_IMPLICIT_RETAIN_SELF = YES;
				CLANG_WARN_OBJC_LITERAL_CONVERSION = YES;
				CLANG_WARN_OBJC_ROOT_CLASS = YES_ERROR;
				CLANG_WARN_QUOTED_INCLUDE_IN_FRAMEWORK_HEADER = YES;
				CLANG_WARN_RANGE_LOOP_ANALYSIS = YES;
				CLANG_WARN_STRICT_PROTOTYPES = YES;
				CLANG_WARN_SUSPICIOUS_MOVE = YES;
				CLANG_WARN_UNGUARDED_AVAILABILITY = YES_AGGRESSIVE;
				CLANG_WARN_UNREACHABLE_CODE = YES;
				CLANG_WARN__DUPLICATE_METHOD_MATCH = YES;
				COPY_PHASE_STRIP = NO;
				DEBUG_INFORMATION_FORMAT = "dwarf-with-dsym";
				ENABLE_NS_ASSERTIONS = NO;
				ENABLE_STRICT_OBJC_MSGSEND = YES;
				GCC_C_LANGUAGE_STANDARD = gnu11;
				GCC_NO_COMMON_BLOCKS = YES;
				GCC_WARN_64_TO_32_BIT_CONVERSION = YES;
				GCC_WARN_ABOUT_RETURN_TYPE = YES_ERROR;
				GCC_WARN_UNDECLARED_SELECTOR = YES;
				GCC_WARN_UNINITIALIZED_AUTOS = YES_AGGRESSIVE;
				GCC_WARN_UNUSED_FUNCTION = YES;
				GCC_WARN_UNUSED_VARIABLE = YES;
				IPHONEOS_DEPLOYMENT_TARGET = 15.5;
				MTL_ENABLE_DEBUG_INFO = NO;
				MTL_FAST_MATH = YES;
				SDKROOT = iphoneos;
				SWIFT_COMPILATION_MODE = wholemodule;
				SWIFT_OPTIMIZATION_LEVEL = "-O";
				VALIDATE_PRODUCT = YES;
			};
			name = Release;
		};
		6B1E57D3286AEFEE00FF82C5 /* Debug */ = {
			isa = XCBuildConfiguration;
			baseConfigurationReference = 4A97CC907BC071BF53FE91E3 /* Pods-CinemaSeats.debug.xcconfig */;
			buildSettings = {
				ASSETCATALOG_COMPILER_APPICON_NAME = AppIcon;
				ASSETCATALOG_COMPILER_GLOBAL_ACCENT_COLOR_NAME = AccentColor;
				CODE_SIGN_STYLE = Automatic;
				CURRENT_PROJECT_VERSION = 1;
				DEVELOPMENT_TEAM = MW2UF479VW;
				GENERATE_INFOPLIST_FILE = YES;
				INFOPLIST_FILE = CinemaSeatsDemo/Resources/Info.plist;
				INFOPLIST_KEY_UIApplicationSupportsIndirectInputEvents = YES;
				INFOPLIST_KEY_UILaunchStoryboardName = LaunchScreen;
				INFOPLIST_KEY_UISupportedInterfaceOrientations = UIInterfaceOrientationPortrait;
				INFOPLIST_KEY_UISupportedInterfaceOrientations_iPad = "UIInterfaceOrientationPortrait UIInterfaceOrientationPortraitUpsideDown UIInterfaceOrientationLandscapeLeft UIInterfaceOrientationLandscapeRight";
				INFOPLIST_KEY_UISupportedInterfaceOrientations_iPhone = "UIInterfaceOrientationPortrait UIInterfaceOrientationLandscapeLeft UIInterfaceOrientationLandscapeRight";
				IPHONEOS_DEPLOYMENT_TARGET = 13.0;
				LD_RUNPATH_SEARCH_PATHS = (
					"$(inherited)",
					"@executable_path/Frameworks",
				);
				MARKETING_VERSION = 1.0;
				PRODUCT_BUNDLE_IDENTIFIER = shakuro.CinemaSeats;
				PRODUCT_NAME = "$(TARGET_NAME)";
				SWIFT_EMIT_LOC_STRINGS = YES;
				SWIFT_VERSION = 5.0;
				TARGETED_DEVICE_FAMILY = "1,2";
			};
			name = Debug;
		};
		6B1E57D4286AEFEE00FF82C5 /* Release */ = {
			isa = XCBuildConfiguration;
			baseConfigurationReference = B2BBE0908C20357B8A11CF7B /* Pods-CinemaSeats.release.xcconfig */;
			buildSettings = {
				ASSETCATALOG_COMPILER_APPICON_NAME = AppIcon;
				ASSETCATALOG_COMPILER_GLOBAL_ACCENT_COLOR_NAME = AccentColor;
				CODE_SIGN_STYLE = Automatic;
				CURRENT_PROJECT_VERSION = 1;
				DEVELOPMENT_TEAM = MW2UF479VW;
				GENERATE_INFOPLIST_FILE = YES;
				INFOPLIST_FILE = CinemaSeatsDemo/Resources/Info.plist;
				INFOPLIST_KEY_UIApplicationSupportsIndirectInputEvents = YES;
				INFOPLIST_KEY_UILaunchStoryboardName = LaunchScreen;
				INFOPLIST_KEY_UISupportedInterfaceOrientations = UIInterfaceOrientationPortrait;
				INFOPLIST_KEY_UISupportedInterfaceOrientations_iPad = "UIInterfaceOrientationPortrait UIInterfaceOrientationPortraitUpsideDown UIInterfaceOrientationLandscapeLeft UIInterfaceOrientationLandscapeRight";
				INFOPLIST_KEY_UISupportedInterfaceOrientations_iPhone = "UIInterfaceOrientationPortrait UIInterfaceOrientationLandscapeLeft UIInterfaceOrientationLandscapeRight";
				IPHONEOS_DEPLOYMENT_TARGET = 13.0;
				LD_RUNPATH_SEARCH_PATHS = (
					"$(inherited)",
					"@executable_path/Frameworks",
				);
				MARKETING_VERSION = 1.0;
				PRODUCT_BUNDLE_IDENTIFIER = shakuro.CinemaSeats;
				PRODUCT_NAME = "$(TARGET_NAME)";
				SWIFT_EMIT_LOC_STRINGS = YES;
				SWIFT_VERSION = 5.0;
				TARGETED_DEVICE_FAMILY = "1,2";
			};
			name = Release;
		};
/* End XCBuildConfiguration section */

/* Begin XCConfigurationList section */
		6B1E57B9286AEFEC00FF82C5 /* Build configuration list for PBXProject "CinemaSeats" */ = {
			isa = XCConfigurationList;
			buildConfigurations = (
				6B1E57D0286AEFEE00FF82C5 /* Debug */,
				6B1E57D1286AEFEE00FF82C5 /* Release */,
			);
			defaultConfigurationIsVisible = 0;
			defaultConfigurationName = Release;
		};
		6B1E57D2286AEFEE00FF82C5 /* Build configuration list for PBXNativeTarget "CinemaSeats" */ = {
			isa = XCConfigurationList;
			buildConfigurations = (
				6B1E57D3286AEFEE00FF82C5 /* Debug */,
				6B1E57D4286AEFEE00FF82C5 /* Release */,
			);
			defaultConfigurationIsVisible = 0;
			defaultConfigurationName = Release;
		};
/* End XCConfigurationList section */
	};
	rootObject = 6B1E57B6286AEFEC00FF82C5 /* Project object */;
}
